
Microsoft Visual Studio Solution File, Format Version 12.00
Project("{FAE04EC0-301F-11D3-BF4B-00C04F79EFBC}") = "Catman.CleanPlayground.Application", "Catman.CleanPlayground.Application\Catman.CleanPlayground.Application.csproj", "{9AA7B5C8-CD91-4B69-B577-6E4A693F0E75}"
EndProject
Project("{FAE04EC0-301F-11D3-BF4B-00C04F79EFBC}") = "Catman.CleanPlayground.Persistence", "Catman.CleanPlayground.Persistence\Catman.CleanPlayground.Persistence.csproj", "{228ACE6E-DB57-4E50-B586-D27128DBA188}"
EndProject
Project("{FAE04EC0-301F-11D3-BF4B-00C04F79EFBC}") = "Catman.CleanPlayground.WebApi", "Catman.CleanPlayground.WebApi\Catman.CleanPlayground.WebApi.csproj", "{A6F0097D-FD35-465F-A1F9-2441A19A5C93}"
EndProject
Global
	GlobalSection(SolutionConfigurationPlatforms) = preSolution
		Debug|Any CPU = Debug|Any CPU
		Release|Any CPU = Release|Any CPU
	EndGlobalSection
	GlobalSection(ProjectConfigurationPlatforms) = postSolution
		{9AA7B5C8-CD91-4B69-B577-6E4A693F0E75}.Debug|Any CPU.ActiveCfg = Debug|Any CPU
		{9AA7B5C8-CD91-4B69-B577-6E4A693F0E75}.Debug|Any CPU.Build.0 = Debug|Any CPU
		{9AA7B5C8-CD91-4B69-B577-6E4A693F0E75}.Release|Any CPU.ActiveCfg = Release|Any CPU
		{9AA7B5C8-CD91-4B69-B577-6E4A693F0E75}.Release|Any CPU.Build.0 = Release|Any CPU
		{228ACE6E-DB57-4E50-B586-D27128DBA188}.Debug|Any CPU.ActiveCfg = Debug|Any CPU
		{228ACE6E-DB57-4E50-B586-D27128DBA188}.Debug|Any CPU.Build.0 = Debug|Any CPU
		{228ACE6E-DB57-4E50-B586-D27128DBA188}.Release|Any CPU.ActiveCfg = Release|Any CPU
		{228ACE6E-DB57-4E50-B586-D27128DBA188}.Release|Any CPU.Build.0 = Release|Any CPU
		{A6F0097D-FD35-465F-A1F9-2441A19A5C93}.Debug|Any CPU.ActiveCfg = Debug|Any CPU
		{A6F0097D-FD35-465F-A1F9-2441A19A5C93}.Debug|Any CPU.Build.0 = Debug|Any CPU
		{A6F0097D-FD35-465F-A1F9-2441A19A5C93}.Release|Any CPU.ActiveCfg = Release|Any CPU
		{A6F0097D-FD35-465F-A1F9-2441A19A5C93}.Release|Any CPU.Build.0 = Release|Any CPU
	EndGlobalSection
EndGlobal
